{
  "lockfileVersion": 1,
  "configVersion": 0,
  "workspaces": {
    "": {
      "name": "markdowntopdf",
      "dependencies": {
        "@nick/comrak": "npm:@jsr/nick__comrak@^0.48.0-rc.0",
      },
      "devDependencies": {
        "@types/bun": "latest",
        "@types/node": "^22.19.21",
        "gts": "^7.0.0",
        "typescript": "^5.9.3",
      },
      "peerDependencies": {
        "typescript": "^5",
      },
    },
  },
  "packages": {
    "@babel/code-frame": ["@babel/code-frame@7.29.7", "", { "dependencies": { "@babel/helper-validator-identifier": "^7.29.7", "js-tokens": "^4.0.0", "picocolors": "^1.1.1" } }, ""],

    "@babel/helper-validator-identifier": ["@babel/helper-validator-identifier@7.29.7", "", {}, ""],

    "@eslint-community/eslint-utils": ["@eslint-community/eslint-utils@4.9.1", "", { "dependencies": { "eslint-visitor-keys": "^3.4.3" }, "peerDependencies": { "eslint": "^6.0.0 || ^7.0.0 || >=8.0.0" } }, ""],

    "@eslint-community/regexpp": ["@eslint-community/regexpp@4.12.2", "", {}, ""],

    "@eslint/config-array": ["@eslint/config-array@0.21.2", "", { "dependencies": { "@eslint/object-schema": "^2.1.7", "debug": "^4.3.1", "minimatch": "^3.1.5" } }, ""],

    "@eslint/config-helpers": ["@eslint/config-helpers@0.4.2", "", { "dependencies": { "@eslint/core": "^0.17.0" } }, ""],

    "@eslint/core": ["@eslint/core@0.17.0", "", { "dependencies": { "@types/json-schema": "^7.0.15" } }, ""],

    "@eslint/eslintrc": ["@eslint/eslintrc@3.3.5", "", { "dependencies": { "ajv": "^6.14.0", "debug": "^4.3.2", "espree": "^10.0.1", "globals": "^14.0.0", "ignore": "^5.2.0", "import-fresh": "^3.2.1", "js-yaml": "^4.1.1", "minimatch": "^3.1.5", "strip-json-comments": "^3.1.1" } }, ""],

    "@eslint/js": ["@eslint/js@9.39.4", "", {}, ""],

    "@eslint/object-schema": ["@eslint/object-schema@2.1.7", "", {}, ""],

    "@eslint/plugin-kit": ["@eslint/plugin-kit@0.4.1", "", { "dependencies": { "@eslint/core": "^0.17.0", "levn": "^0.4.1" } }, ""],

    "@humanfs/core": ["@humanfs/core@0.19.2", "", { "dependencies": { "@humanfs/types": "^0.15.0" } }, ""],

    "@humanfs/node": ["@humanfs/node@0.16.8", "", { "dependencies": { "@humanfs/core": "^0.19.2", "@humanfs/types": "^0.15.0", "@humanwhocodes/retry": "^0.4.0" } }, ""],

    "@humanfs/types": ["@humanfs/types@0.15.0", "", {}, ""],

    "@humanwhocodes/module-importer": ["@humanwhocodes/module-importer@1.0.1", "", {}, ""],

    "@humanwhocodes/retry": ["@humanwhocodes/retry@0.4.3", "", {}, ""],

    "@nick/comrak": ["@jsr/nick__comrak@0.48.0-rc.0", "https://npm.jsr.io/~/11/@jsr/nick__comrak/0.48.0-rc.0.tgz", {}, "sha512-OB77bAWCM7wj9w1gseKLyQW8lbj4Iotcb+kVfs55G5n/AW1cayCKOzRRfPu07m76kBiw5l34ygFXofE5M3RuTg=="],

    "@pkgr/core": ["@pkgr/core@0.3.6", "", {}, ""],

    "@types/bun": ["@types/bun@1.3.14", "", { "dependencies": { "bun-types": "1.3.14" } }, "sha512-h1hFqFVcvAvD9j9K7ZW7vd82aSA+rTdznZa+5bwvCwqSB1jmmfLcbIWhOLx1/+boy/xmjgCs/OMUL8hRJSmnPw=="],

    "@types/estree": ["@types/estree@1.0.9", "", {}, ""],

    "@types/json-schema": ["@types/json-schema@7.0.15", "", {}, ""],

    "@types/minimist": ["@types/minimist@1.2.5", "", {}, ""],

    "@types/node": ["@types/node@22.19.21", "", { "dependencies": { "undici-types": "~6.21.0" } }, "sha512-VMeFBSCKQKmm2swI2kW51SFusDqekC6q9trBCvJ/JliDchFSuoYYKN7yVNjPthP1HKZcx3U1gI/wTcEBjEFKTA=="],

    "@types/normalize-package-data": ["@types/normalize-package-data@2.4.4", "", {}, ""],

    "@typescript-eslint/eslint-plugin": ["@typescript-eslint/eslint-plugin@8.60.1", "", { "dependencies": { "@eslint-community/regexpp": "^4.12.2", "@typescript-eslint/scope-manager": "8.60.1", "@typescript-eslint/type-utils": "8.60.1", "@typescript-eslint/utils": "8.60.1", "@typescript-eslint/visitor-keys": "8.60.1", "ignore": "^7.0.5", "natural-compare": "^1.4.0", "ts-api-utils": "^2.5.0" }, "peerDependencies": { "@typescript-eslint/parser": "^8.60.1", "eslint": "^8.57.0 || ^9.0.0 || ^10.0.0", "typescript": ">=4.8.4 <6.1.0" } }, ""],

    "@typescript-eslint/parser": ["@typescript-eslint/parser@8.60.1", "", { "dependencies": { "@typescript-eslint/scope-manager": "8.60.1", "@typescript-eslint/types": "8.60.1", "@typescript-eslint/typescript-estree": "8.60.1", "@typescript-eslint/visitor-keys": "8.60.1", "debug": "^4.4.3" }, "peerDependencies": { "eslint": "^8.57.0 || ^9.0.0 || ^10.0.0", "typescript": ">=4.8.4 <6.1.0" } }, ""],

    "@typescript-eslint/project-service": ["@typescript-eslint/project-service@8.60.1", "", { "dependencies": { "@typescript-eslint/tsconfig-utils": "^8.60.1", "@typescript-eslint/types": "^8.60.1", "debug": "^4.4.3" }, "peerDependencies": { "typescript": ">=4.8.4 <6.1.0" } }, ""],

    "@typescript-eslint/scope-manager": ["@typescript-eslint/scope-manager@8.60.1", "", { "dependencies": { "@typescript-eslint/types": "8.60.1", "@typescript-eslint/visitor-keys": "8.60.1" } }, ""],

    "@typescript-eslint/tsconfig-utils": ["@typescript-eslint/tsconfig-utils@8.60.1", "", { "peerDependencies": { "typescript": ">=4.8.4 <6.1.0" } }, ""],

    "@typescript-eslint/type-utils": ["@typescript-eslint/type-utils@8.60.1", "", { "dependencies": { "@typescript-eslint/types": "8.60.1", "@typescript-eslint/typescript-estree": "8.60.1", "@typescript-eslint/utils": "8.60.1", "debug": "^4.4.3", "ts-api-utils": "^2.5.0" }, "peerDependencies": { "eslint": "^8.57.0 || ^9.0.0 || ^10.0.0", "typescript": ">=4.8.4 <6.1.0" } }, ""],

    "@typescript-eslint/types": ["@typescript-eslint/types@8.60.1", "", {}, ""],

    "@typescript-eslint/typescript-estree": ["@typescript-eslint/typescript-estree@8.60.1", "", { "dependencies": { "@typescript-eslint/project-service": "8.60.1", "@typescript-eslint/tsconfig-utils": "8.60.1", "@typescript-eslint/types": "8.60.1", "@typescript-eslint/visitor-keys": "8.60.1", "debug": "^4.4.3", "minimatch": "^10.2.2", "semver": "^7.7.3", "tinyglobby": "^0.2.15", "ts-api-utils": "^2.5.0" }, "peerDependencies": { "typescript": ">=4.8.4 <6.1.0" } }, ""],

    "@typescript-eslint/utils": ["@typescript-eslint/utils@8.60.1", "", { "dependencies": { "@eslint-community/eslint-utils": "^4.9.1", "@typescript-eslint/scope-manager": "8.60.1", "@typescript-eslint/types": "8.60.1", "@typescript-eslint/typescript-estree": "8.60.1" }, "peerDependencies": { "eslint": "^8.57.0 || ^9.0.0 || ^10.0.0", "typescript": ">=4.8.4 <6.1.0" } }, ""],

    "@typescript-eslint/visitor-keys": ["@typescript-eslint/visitor-keys@8.60.1", "", { "dependencies": { "@typescript-eslint/types": "8.60.1", "eslint-visitor-keys": "^5.0.0" } }, ""],

    "acorn": ["acorn@8.16.0", "", { "bin": "bin/acorn" }, ""],

    "acorn-jsx": ["acorn-jsx@5.3.2", "", { "peerDependencies": { "acorn": "^6.0.0 || ^7.0.0 || ^8.0.0" } }, ""],

    "ajv": ["ajv@6.15.0", "", { "dependencies": { "fast-deep-equal": "^3.1.1", "fast-json-stable-stringify": "^2.0.0", "json-schema-traverse": "^0.4.1", "uri-js": "^4.2.2" } }, ""],

    "ansi-escapes": ["ansi-escapes@4.3.2", "", { "dependencies": { "type-fest": "^0.21.3" } }, ""],

    "ansi-regex": ["ansi-regex@5.0.1", "", {}, ""],

    "ansi-styles": ["ansi-styles@4.3.0", "", { "dependencies": { "color-convert": "^2.0.1" } }, ""],

    "argparse": ["argparse@2.0.1", "", {}, ""],

    "arrify": ["arrify@1.0.1", "", {}, ""],

    "balanced-match": ["balanced-match@1.0.2", "", {}, ""],

    "brace-expansion": ["brace-expansion@1.1.15", "", { "dependencies": { "balanced-match": "^1.0.0", "concat-map": "0.0.1" } }, ""],

    "bun-types": ["bun-types@1.3.14", "", { "dependencies": { "@types/node": "*" } }, ""],

    "callsites": ["callsites@3.1.0", "", {}, ""],

    "camelcase": ["camelcase@5.3.1", "", {}, ""],

    "camelcase-keys": ["camelcase-keys@6.2.2", "", { "dependencies": { "camelcase": "^5.3.1", "map-obj": "^4.0.0", "quick-lru": "^4.0.1" } }, ""],

    "chalk": ["chalk@4.1.2", "", { "dependencies": { "ansi-styles": "^4.1.0", "supports-color": "^7.1.0" } }, ""],

    "chardet": ["chardet@0.7.0", "", {}, ""],

    "cli-cursor": ["cli-cursor@3.1.0", "", { "dependencies": { "restore-cursor": "^3.1.0" } }, ""],

    "cli-width": ["cli-width@3.0.0", "", {}, ""],

    "color-convert": ["color-convert@2.0.1", "", { "dependencies": { "color-name": "~1.1.4" } }, ""],

    "color-name": ["color-name@1.1.4", "", {}, ""],

    "concat-map": ["concat-map@0.0.1", "", {}, ""],

    "cross-spawn": ["cross-spawn@7.0.6", "", { "dependencies": { "path-key": "^3.1.0", "shebang-command": "^2.0.0", "which": "^2.0.1" } }, ""],

    "debug": ["debug@4.4.3", "", { "dependencies": { "ms": "^2.1.3" } }, ""],

    "decamelize": ["decamelize@1.2.0", "", {}, ""],

    "decamelize-keys": ["decamelize-keys@1.1.1", "", { "dependencies": { "decamelize": "^1.1.0", "map-obj": "^1.0.0" } }, ""],

    "deep-is": ["deep-is@0.1.4", "", {}, ""],

    "emoji-regex": ["emoji-regex@8.0.0", "", {}, ""],

    "enhanced-resolve": ["enhanced-resolve@5.23.0", "", { "dependencies": { "graceful-fs": "^4.2.4", "tapable": "^2.3.3" } }, ""],

    "error-ex": ["error-ex@1.3.4", "", { "dependencies": { "is-arrayish": "^0.2.1" } }, ""],

    "es-errors": ["es-errors@1.3.0", "", {}, ""],

    "escape-string-regexp": ["escape-string-regexp@4.0.0", "", {}, ""],

    "eslint": ["eslint@9.39.4", "", { "dependencies": { "@eslint-community/eslint-utils": "^4.8.0", "@eslint-community/regexpp": "^4.12.1", "@eslint/config-array": "^0.21.2", "@eslint/config-helpers": "^0.4.2", "@eslint/core": "^0.17.0", "@eslint/eslintrc": "^3.3.5", "@eslint/js": "9.39.4", "@eslint/plugin-kit": "^0.4.1", "@humanfs/node": "^0.16.6", "@humanwhocodes/module-importer": "^1.0.1", "@humanwhocodes/retry": "^0.4.2", "@types/estree": "^1.0.6", "ajv": "^6.14.0", "chalk": "^4.0.0", "cross-spawn": "^7.0.6", "debug": "^4.3.2", "escape-string-regexp": "^4.0.0", "eslint-scope": "^8.4.0", "eslint-visitor-keys": "^4.2.1", "espree": "^10.4.0", "esquery": "^1.5.0", "esutils": "^2.0.2", "fast-deep-equal": "^3.1.3", "file-entry-cache": "^8.0.0", "find-up": "^5.0.0", "glob-parent": "^6.0.2", "ignore": "^5.2.0", "imurmurhash": "^0.1.4", "is-glob": "^4.0.0", "json-stable-stringify-without-jsonify": "^1.0.1", "lodash.merge": "^4.6.2", "minimatch": "^3.1.5", "natural-compare": "^1.4.0", "optionator": "^0.9.3" }, "peerDependencies": { "jiti": "*" }, "optionalPeers": ["jiti"], "bin": "bin/eslint.js" }, ""],

    "eslint-compat-utils": ["eslint-compat-utils@0.5.1", "", { "dependencies": { "semver": "^7.5.4" }, "peerDependencies": { "eslint": ">=6.0.0" } }, ""],

    "eslint-config-prettier": ["eslint-config-prettier@10.1.8", "", { "peerDependencies": { "eslint": ">=7.0.0" }, "bin": "bin/cli.js" }, ""],

    "eslint-plugin-es-x": ["eslint-plugin-es-x@7.8.0", "", { "dependencies": { "@eslint-community/eslint-utils": "^4.1.2", "@eslint-community/regexpp": "^4.11.0", "eslint-compat-utils": "^0.5.1" }, "peerDependencies": { "eslint": ">=8" } }, ""],

    "eslint-plugin-n": ["eslint-plugin-n@17.24.0", "", { "dependencies": { "@eslint-community/eslint-utils": "^4.5.0", "enhanced-resolve": "^5.17.1", "eslint-plugin-es-x": "^7.8.0", "get-tsconfig": "^4.8.1", "globals": "^15.11.0", "globrex": "^0.1.2", "ignore": "^5.3.2", "semver": "^7.6.3", "ts-declaration-location": "^1.0.6" }, "peerDependencies": { "eslint": ">=8.23.0" } }, ""],

    "eslint-plugin-prettier": ["eslint-plugin-prettier@5.5.6", "", { "dependencies": { "prettier-linter-helpers": "^1.0.1", "synckit": "^0.11.13" }, "peerDependencies": { "@types/eslint": ">=8.0.0", "eslint": ">=8.0.0", "eslint-config-prettier": ">= 7.0.0 <10.0.0 || >=10.1.0", "prettier": ">=3.0.0" }, "optionalPeers": ["@types/eslint"] }, ""],

    "eslint-scope": ["eslint-scope@8.4.0", "", { "dependencies": { "esrecurse": "^4.3.0", "estraverse": "^5.2.0" } }, ""],

    "eslint-visitor-keys": ["eslint-visitor-keys@4.2.1", "", {}, ""],

    "espree": ["espree@10.4.0", "", { "dependencies": { "acorn": "^8.15.0", "acorn-jsx": "^5.3.2", "eslint-visitor-keys": "^4.2.1" } }, ""],

    "esquery": ["esquery@1.7.0", "", { "dependencies": { "estraverse": "^5.1.0" } }, ""],

    "esrecurse": ["esrecurse@4.3.0", "", { "dependencies": { "estraverse": "^5.2.0" } }, ""],

    "estraverse": ["estraverse@5.3.0", "", {}, ""],

    "esutils": ["esutils@2.0.3", "", {}, ""],

    "execa": ["execa@5.1.1", "", { "dependencies": { "cross-spawn": "^7.0.3", "get-stream": "^6.0.0", "human-signals": "^2.1.0", "is-stream": "^2.0.0", "merge-stream": "^2.0.0", "npm-run-path": "^4.0.1", "onetime": "^5.1.2", "signal-exit": "^3.0.3", "strip-final-newline": "^2.0.0" } }, ""],

    "external-editor": ["external-editor@3.1.0", "", { "dependencies": { "chardet": "^0.7.0", "iconv-lite": "^0.4.24", "tmp": "^0.0.33" } }, ""],

    "fast-deep-equal": ["fast-deep-equal@3.1.3", "", {}, ""],

    "fast-diff": ["fast-diff@1.3.0", "", {}, ""],

    "fast-json-stable-stringify": ["fast-json-stable-stringify@2.1.0", "", {}, ""],

    "fast-levenshtein": ["fast-levenshtein@2.0.6", "", {}, ""],

    "fdir": ["fdir@6.5.0", "", { "peerDependencies": { "picomatch": "^3 || ^4" } }, ""],

    "figures": ["figures@3.2.0", "", { "dependencies": { "escape-string-regexp": "^1.0.5" } }, ""],

    "file-entry-cache": ["file-entry-cache@8.0.0", "", { "dependencies": { "flat-cache": "^4.0.0" } }, ""],

    "find-up": ["find-up@5.0.0", "", { "dependencies": { "locate-path": "^6.0.0", "path-exists": "^4.0.0" } }, ""],

    "flat-cache": ["flat-cache@4.0.1", "", { "dependencies": { "flatted": "^3.2.9", "keyv": "^4.5.4" } }, ""],

    "flatted": ["flatted@3.4.2", "", {}, ""],

    "function-bind": ["function-bind@1.1.2", "", {}, ""],

    "get-stream": ["get-stream@6.0.1", "", {}, ""],

    "get-tsconfig": ["get-tsconfig@4.14.0", "", { "dependencies": { "resolve-pkg-maps": "^1.0.0" } }, ""],

    "glob-parent": ["glob-parent@6.0.2", "", { "dependencies": { "is-glob": "^4.0.3" } }, ""],

    "globals": ["globals@15.15.0", "", {}, ""],

    "globrex": ["globrex@0.1.2", "", {}, ""],

    "graceful-fs": ["graceful-fs@4.2.11", "", {}, ""],

    "gts": ["gts@7.0.0", "", { "dependencies": { "@eslint/js": "^9.37.0", "@typescript-eslint/eslint-plugin": "^8.46.1", "@typescript-eslint/parser": "^8.46.1", "chalk": "^4.1.2", "eslint": "^9.37.0", "eslint-config-prettier": "^10.1.8", "eslint-plugin-n": "^17.23.1", "eslint-plugin-prettier": "^5.5.4", "execa": "^5.0.0", "inquirer": "^7.3.3", "json5": "^2.1.3", "meow": "^9.0.0", "ncp": "^2.0.0", "prettier": "^3.6.2", "typescript-eslint": "^8.46.1", "write-file-atomic": "^6.0.0" }, "peerDependencies": { "typescript": ">=5" }, "bin": "build/src/cli.js" }, ""],

    "hard-rejection": ["hard-rejection@2.1.0", "", {}, ""],

    "has-flag": ["has-flag@4.0.0", "", {}, ""],

    "hasown": ["hasown@2.0.4", "", { "dependencies": { "function-bind": "^1.1.2" } }, ""],

    "hosted-git-info": ["hosted-git-info@4.1.0", "", { "dependencies": { "lru-cache": "^6.0.0" } }, ""],

    "human-signals": ["human-signals@2.1.0", "", {}, ""],

    "iconv-lite": ["iconv-lite@0.4.24", "", { "dependencies": { "safer-buffer": ">= 2.1.2 < 3" } }, ""],

    "ignore": ["ignore@7.0.5", "", {}, ""],

    "import-fresh": ["import-fresh@3.3.1", "", { "dependencies": { "parent-module": "^1.0.0", "resolve-from": "^4.0.0" } }, ""],

    "imurmurhash": ["imurmurhash@0.1.4", "", {}, ""],

    "indent-string": ["indent-string@4.0.0", "", {}, ""],

    "inquirer": ["inquirer@7.3.3", "", { "dependencies": { "ansi-escapes": "^4.2.1", "chalk": "^4.1.0", "cli-cursor": "^3.1.0", "cli-width": "^3.0.0", "external-editor": "^3.0.3", "figures": "^3.0.0", "lodash": "^4.17.19", "mute-stream": "0.0.8", "run-async": "^2.4.0", "rxjs": "^6.6.0", "string-width": "^4.1.0", "strip-ansi": "^6.0.0", "through": "^2.3.6" } }, ""],

    "is-arrayish": ["is-arrayish@0.2.1", "", {}, ""],

    "is-core-module": ["is-core-module@2.16.2", "", { "dependencies": { "hasown": "^2.0.3" } }, ""],

    "is-extglob": ["is-extglob@2.1.1", "", {}, ""],

    "is-fullwidth-code-point": ["is-fullwidth-code-point@3.0.0", "", {}, ""],

    "is-glob": ["is-glob@4.0.3", "", { "dependencies": { "is-extglob": "^2.1.1" } }, ""],

    "is-plain-obj": ["is-plain-obj@1.1.0", "", {}, ""],

    "is-stream": ["is-stream@2.0.1", "", {}, ""],

    "isexe": ["isexe@2.0.0", "", {}, ""],

    "js-tokens": ["js-tokens@4.0.0", "", {}, ""],

    "js-yaml": ["js-yaml@4.2.0", "", { "dependencies": { "argparse": "^2.0.1" }, "bin": "bin/js-yaml.js" }, ""],

    "json-buffer": ["json-buffer@3.0.1", "", {}, ""],

    "json-parse-even-better-errors": ["json-parse-even-better-errors@2.3.1", "", {}, ""],

    "json-schema-traverse": ["json-schema-traverse@0.4.1", "", {}, ""],

    "json-stable-stringify-without-jsonify": ["json-stable-stringify-without-jsonify@1.0.1", "", {}, ""],

    "json5": ["json5@2.2.3", "", { "bin": "lib/cli.js" }, ""],

    "keyv": ["keyv@4.5.4", "", { "dependencies": { "json-buffer": "3.0.1" } }, ""],

    "kind-of": ["kind-of@6.0.3", "", {}, ""],

    "levn": ["levn@0.4.1", "", { "dependencies": { "prelude-ls": "^1.2.1", "type-check": "~0.4.0" } }, ""],

    "lines-and-columns": ["lines-and-columns@1.2.4", "", {}, ""],

    "locate-path": ["locate-path@6.0.0", "", { "dependencies": { "p-locate": "^5.0.0" } }, ""],

    "lodash": ["lodash@4.18.1", "", {}, ""],

    "lodash.merge": ["lodash.merge@4.6.2", "", {}, ""],

    "lru-cache": ["lru-cache@6.0.0", "", { "dependencies": { "yallist": "^4.0.0" } }, ""],

    "map-obj": ["map-obj@4.3.0", "", {}, ""],

    "meow": ["meow@9.0.0", "", { "dependencies": { "@types/minimist": "^1.2.0", "camelcase-keys": "^6.2.2", "decamelize": "^1.2.0", "decamelize-keys": "^1.1.0", "hard-rejection": "^2.1.0", "minimist-options": "4.1.0", "normalize-package-data": "^3.0.0", "read-pkg-up": "^7.0.1", "redent": "^3.0.0", "trim-newlines": "^3.0.0", "type-fest": "^0.18.0", "yargs-parser": "^20.2.3" } }, ""],

    "merge-stream": ["merge-stream@2.0.0", "", {}, ""],

    "mimic-fn": ["mimic-fn@2.1.0", "", {}, ""],

    "min-indent": ["min-indent@1.0.1", "", {}, ""],

    "minimatch": ["minimatch@3.1.5", "", { "dependencies": { "brace-expansion": "^1.1.7" } }, ""],

    "minimist-options": ["minimist-options@4.1.0", "", { "dependencies": { "arrify": "^1.0.1", "is-plain-obj": "^1.1.0", "kind-of": "^6.0.3" } }, ""],

    "ms": ["ms@2.1.3", "", {}, ""],

    "mute-stream": ["mute-stream@0.0.8", "", {}, ""],

    "natural-compare": ["natural-compare@1.4.0", "", {}, ""],

    "ncp": ["ncp@2.0.0", "", { "bin": "bin/ncp" }, ""],

    "normalize-package-data": ["normalize-package-data@3.0.3", "", { "dependencies": { "hosted-git-info": "^4.0.1", "is-core-module": "^2.5.0", "semver": "^7.3.4", "validate-npm-package-license": "^3.0.1" } }, ""],

    "npm-run-path": ["npm-run-path@4.0.1", "", { "dependencies": { "path-key": "^3.0.0" } }, ""],

    "onetime": ["onetime@5.1.2", "", { "dependencies": { "mimic-fn": "^2.1.0" } }, ""],

    "optionator": ["optionator@0.9.4", "", { "dependencies": { "deep-is": "^0.1.3", "fast-levenshtein": "^2.0.6", "levn": "^0.4.1", "prelude-ls": "^1.2.1", "type-check": "^0.4.0", "word-wrap": "^1.2.5" } }, ""],

    "os-tmpdir": ["os-tmpdir@1.0.2", "", {}, ""],

    "p-limit": ["p-limit@3.1.0", "", { "dependencies": { "yocto-queue": "^0.1.0" } }, ""],

    "p-locate": ["p-locate@5.0.0", "", { "dependencies": { "p-limit": "^3.0.2" } }, ""],

    "p-try": ["p-try@2.2.0", "", {}, ""],

    "parent-module": ["parent-module@1.0.1", "", { "dependencies": { "callsites": "^3.0.0" } }, ""],

    "parse-json": ["parse-json@5.2.0", "", { "dependencies": { "@babel/code-frame": "^7.0.0", "error-ex": "^1.3.1", "json-parse-even-better-errors": "^2.3.0", "lines-and-columns": "^1.1.6" } }, ""],

    "path-exists": ["path-exists@4.0.0", "", {}, ""],

    "path-key": ["path-key@3.1.1", "", {}, ""],

    "path-parse": ["path-parse@1.0.7", "", {}, ""],

    "picocolors": ["picocolors@1.1.1", "", {}, ""],

    "picomatch": ["picomatch@4.0.4", "", {}, ""],

    "prelude-ls": ["prelude-ls@1.2.1", "", {}, ""],

    "prettier": ["prettier@3.8.3", "", { "bin": "bin/prettier.cjs" }, ""],

    "prettier-linter-helpers": ["prettier-linter-helpers@1.0.1", "", { "dependencies": { "fast-diff": "^1.1.2" } }, ""],

    "punycode": ["punycode@2.3.1", "", {}, ""],

    "quick-lru": ["quick-lru@4.0.1", "", {}, ""],

    "read-pkg": ["read-pkg@5.2.0", "", { "dependencies": { "@types/normalize-package-data": "^2.4.0", "normalize-package-data": "^2.5.0", "parse-json": "^5.0.0", "type-fest": "^0.6.0" } }, ""],

    "read-pkg-up": ["read-pkg-up@7.0.1", "", { "dependencies": { "find-up": "^4.1.0", "read-pkg": "^5.2.0", "type-fest": "^0.8.1" } }, ""],

    "redent": ["redent@3.0.0", "", { "dependencies": { "indent-string": "^4.0.0", "strip-indent": "^3.0.0" } }, ""],

    "resolve": ["resolve@1.22.12", "", { "dependencies": { "es-errors": "^1.3.0", "is-core-module": "^2.16.1", "path-parse": "^1.0.7", "supports-preserve-symlinks-flag": "^1.0.0" }, "bin": "bin/resolve" }, ""],

    "resolve-from": ["resolve-from@4.0.0", "", {}, ""],

    "resolve-pkg-maps": ["resolve-pkg-maps@1.0.0", "", {}, ""],

    "restore-cursor": ["restore-cursor@3.1.0", "", { "dependencies": { "onetime": "^5.1.0", "signal-exit": "^3.0.2" } }, ""],

    "run-async": ["run-async@2.4.1", "", {}, ""],

    "rxjs": ["rxjs@6.6.7", "", { "dependencies": { "tslib": "^1.9.0" } }, ""],

    "safer-buffer": ["safer-buffer@2.1.2", "", {}, ""],

    "semver": ["semver@7.8.2", "", { "bin": "bin/semver.js" }, ""],

    "shebang-command": ["shebang-command@2.0.0", "", { "dependencies": { "shebang-regex": "^3.0.0" } }, ""],

    "shebang-regex": ["shebang-regex@3.0.0", "", {}, ""],

    "signal-exit": ["signal-exit@3.0.7", "", {}, ""],

    "spdx-correct": ["spdx-correct@3.2.0", "", { "dependencies": { "spdx-expression-parse": "^3.0.0", "spdx-license-ids": "^3.0.0" } }, ""],

    "spdx-exceptions": ["spdx-exceptions@2.5.0", "", {}, ""],

    "spdx-expression-parse": ["spdx-expression-parse@3.0.1", "", { "dependencies": { "spdx-exceptions": "^2.1.0", "spdx-license-ids": "^3.0.0" } }, ""],

    "spdx-license-ids": ["spdx-license-ids@3.0.23", "", {}, ""],

    "string-width": ["string-width@4.2.3", "", { "dependencies": { "emoji-regex": "^8.0.0", "is-fullwidth-code-point": "^3.0.0", "strip-ansi": "^6.0.1" } }, ""],

    "strip-ansi": ["strip-ansi@6.0.1", "", { "dependencies": { "ansi-regex": "^5.0.1" } }, ""],

    "strip-final-newline": ["strip-final-newline@2.0.0", "", {}, ""],

    "strip-indent": ["strip-indent@3.0.0", "", { "dependencies": { "min-indent": "^1.0.0" } }, ""],

    "strip-json-comments": ["strip-json-comments@3.1.1", "", {}, ""],

    "supports-color": ["supports-color@7.2.0", "", { "dependencies": { "has-flag": "^4.0.0" } }, ""],

    "supports-preserve-symlinks-flag": ["supports-preserve-symlinks-flag@1.0.0", "", {}, ""],

    "synckit": ["synckit@0.11.13", "", { "dependencies": { "@pkgr/core": "^0.3.6" } }, ""],

    "tapable": ["tapable@2.3.3", "", {}, ""],

    "through": ["through@2.3.8", "", {}, ""],

    "tinyglobby": ["tinyglobby@0.2.17", "", { "dependencies": { "fdir": "^6.5.0", "picomatch": "^4.0.4" } }, ""],

    "tmp": ["tmp@0.0.33", "", { "dependencies": { "os-tmpdir": "~1.0.2" } }, ""],

    "trim-newlines": ["trim-newlines@3.0.1", "", {}, ""],

    "ts-api-utils": ["ts-api-utils@2.5.0", "", { "peerDependencies": { "typescript": ">=4.8.4" } }, ""],

    "ts-declaration-location": ["ts-declaration-location@1.0.7", "", { "dependencies": { "picomatch": "^4.0.2" }, "peerDependencies": { "typescript": ">=4.0.0" } }, ""],

    "tslib": ["tslib@1.14.1", "", {}, ""],

    "type-check": ["type-check@0.4.0", "", { "dependencies": { "prelude-ls": "^1.2.1" } }, ""],

    "type-fest": ["type-fest@0.18.1", "", {}, ""],

    "typescript": ["typescript@5.9.3", "", { "bin": { "tsc": "bin/tsc", "tsserver": "bin/tsserver" } }, ""],

    "typescript-eslint": ["typescript-eslint@8.60.1", "", { "dependencies": { "@typescript-eslint/eslint-plugin": "8.60.1", "@typescript-eslint/parser": "8.60.1", "@typescript-eslint/typescript-estree": "8.60.1", "@typescript-eslint/utils": "8.60.1" }, "peerDependencies": { "eslint": "^8.57.0 || ^9.0.0 || ^10.0.0", "typescript": ">=4.8.4 <6.1.0" } }, ""],

    "undici-types": ["undici-types@6.21.0", "", {}, ""],

    "uri-js": ["uri-js@4.4.1", "", { "dependencies": { "punycode": "^2.1.0" } }, ""],

    "validate-npm-package-license": ["validate-npm-package-license@3.0.4", "", { "dependencies": { "spdx-correct": "^3.0.0", "spdx-expression-parse": "^3.0.0" } }, ""],

    "which": ["which@2.0.2", "", { "dependencies": { "isexe": "^2.0.0" }, "bin": { "node-which": "bin/node-which" } }, ""],

    "word-wrap": ["word-wrap@1.2.5", "", {}, ""],

    "write-file-atomic": ["write-file-atomic@6.0.0", "", { "dependencies": { "imurmurhash": "^0.1.4", "signal-exit": "^4.0.1" } }, ""],

    "yallist": ["yallist@4.0.0", "", {}, ""],

    "yargs-parser": ["yargs-parser@20.2.9", "", {}, ""],

    "yocto-queue": ["yocto-queue@0.1.0", "", {}, ""],

    "@eslint-community/eslint-utils/eslint-visitor-keys": ["eslint-visitor-keys@3.4.3", "", {}, ""],

    "@eslint/eslintrc/globals": ["globals@14.0.0", "", {}, ""],

    "@eslint/eslintrc/ignore": ["ignore@5.3.2", "", {}, ""],

    "@typescript-eslint/typescript-estree/minimatch": ["minimatch@10.2.5", "", { "dependencies": { "brace-expansion": "^5.0.5" } }, ""],

    "@typescript-eslint/visitor-keys/eslint-visitor-keys": ["eslint-visitor-keys@5.0.1", "", {}, ""],

    "ansi-escapes/type-fest": ["type-fest@0.21.3", "", {}, ""],

    "bun-types/@types/node": ["@types/node@22.19.20", "", { "dependencies": { "undici-types": "~6.21.0" } }, ""],

    "decamelize-keys/map-obj": ["map-obj@1.0.1", "", {}, ""],

    "eslint/ignore": ["ignore@5.3.2", "", {}, ""],

    "eslint-plugin-n/ignore": ["ignore@5.3.2", "", {}, ""],

    "figures/escape-string-regexp": ["escape-string-regexp@1.0.5", "", {}, ""],

    "read-pkg/normalize-package-data": ["normalize-package-data@2.5.0", "", { "dependencies": { "hosted-git-info": "^2.1.4", "resolve": "^1.10.0", "semver": "2 || 3 || 4 || 5", "validate-npm-package-license": "^3.0.1" } }, ""],

    "read-pkg/type-fest": ["type-fest@0.6.0", "", {}, ""],

    "read-pkg-up/find-up": ["find-up@4.1.0", "", { "dependencies": { "locate-path": "^5.0.0", "path-exists": "^4.0.0" } }, ""],

    "read-pkg-up/type-fest": ["type-fest@0.8.1", "", {}, ""],

    "write-file-atomic/signal-exit": ["signal-exit@4.1.0", "", {}, ""],

    "@typescript-eslint/typescript-estree/minimatch/brace-expansion": ["brace-expansion@5.0.6", "", { "dependencies": { "balanced-match": "^4.0.2" } }, ""],

    "read-pkg-up/find-up/locate-path": ["locate-path@5.0.0", "", { "dependencies": { "p-locate": "^4.1.0" } }, ""],

    "read-pkg/normalize-package-data/hosted-git-info": ["hosted-git-info@2.8.9", "", {}, ""],

    "read-pkg/normalize-package-data/semver": ["semver@5.7.2", "", { "bin": "bin/semver" }, ""],

    "@typescript-eslint/typescript-estree/minimatch/brace-expansion/balanced-match": ["balanced-match@4.0.4", "", {}, ""],

    "read-pkg-up/find-up/locate-path/p-locate": ["p-locate@4.1.0", "", { "dependencies": { "p-limit": "^2.2.0" } }, ""],

    "read-pkg-up/find-up/locate-path/p-locate/p-limit": ["p-limit@2.3.0", "", { "dependencies": { "p-try": "^2.0.0" } }, ""],
  }
}
